
Microsoft Visual Studio Solution File, Format Version 12.00
# Visual Studio Version 17
VisualStudioVersion = 17.7.34031.279
MinimumVisualStudioVersion = 10.0.40219.1
Project("{FAE04EC0-301F-11D3-BF4B-00C04F79EFBC}") = "BackendAPI", "BackendAPI\BackendAPI.csproj", "{91678468-7B4E-4F16-8DB5-8BF483535019}"
EndProject
Global
	GlobalSection(SolutionConfigurationPlatforms) = preSolution
		Debug|Any CPU = Debug|Any CPU
		Release|Any CPU = Release|Any CPU
	EndGlobalSection
	GlobalSection(ProjectConfigurationPlatforms) = postSolution
		{91678468-7B4E-4F16-8DB5-8BF483535019}.Debug|Any CPU.ActiveCfg = Debug|Any CPU
		{91678468-7B4E-4F16-8DB5-8BF483535019}.Debug|Any CPU.Build.0 = Debug|Any CPU
		{91678468-7B4E-4F16-8DB5-8BF483535019}.Release|Any CPU.ActiveCfg = Release|Any CPU
		{91678468-7B4E-4F16-8DB5-8BF483535019}.Release|Any CPU.Build.0 = Release|Any CPU
	EndGlobalSection
	GlobalSection(SolutionProperties) = preSolution
		HideSolutionNode = FALSE
	EndGlobalSection
	GlobalSection(ExtensibilityGlobals) = postSolution
		SolutionGuid = {529C76D7-A9FD-46D9-ACA4-277796B81C9C}
	EndGlobalSection
EndGlobal
